
Microsoft Visual Studio Solution File, Format Version 12.00
# Visual Studio 2012
Project("{FAE04EC0-301F-11D3-BF4B-00C04F79EFBC}") = "LatencyDiff", "LatencyDiff\LatencyDiff.csproj", "{2BCFD574-38F5-46F6-8ADC-813E025FB936}"
EndProject
Project("{FAE04EC0-301F-11D3-BF4B-00C04F79EFBC}") = "LatencyDiff.iOS", "iOS\LatencyDiff.iOS.csproj", "{3F74EC87-DAFE-4D2B-A21F-2C553A1E2762}"
EndProject
Project("{FAE04EC0-301F-11D3-BF4B-00C04F79EFBC}") = "LatencyDiff.Droid", "Droid\LatencyDiff.Droid.csproj", "{74674D75-2897-47D3-94D2-3F3B7E6CE3D0}"
EndProject
Global
	GlobalSection(SolutionConfigurationPlatforms) = preSolution
		Debug|Any CPU = Debug|Any CPU
		Release|Any CPU = Release|Any CPU
		Debug|iPhoneSimulator = Debug|iPhoneSimulator
		Release|iPhone = Release|iPhone
		Release|iPhoneSimulator = Release|iPhoneSimulator
		Debug|iPhone = Debug|iPhone
	EndGlobalSection
	GlobalSection(ProjectConfigurationPlatforms) = postSolution
		{2BCFD574-38F5-46F6-8ADC-813E025FB936}.Debug|Any CPU.ActiveCfg = Debug|Any CPU
		{2BCFD574-38F5-46F6-8ADC-813E025FB936}.Debug|Any CPU.Build.0 = Debug|Any CPU
		{2BCFD574-38F5-46F6-8ADC-813E025FB936}.Release|Any CPU.ActiveCfg = Release|Any CPU
		{2BCFD574-38F5-46F6-8ADC-813E025FB936}.Release|Any CPU.Build.0 = Release|Any CPU
		{2BCFD574-38F5-46F6-8ADC-813E025FB936}.Debug|iPhoneSimulator.ActiveCfg = Debug|Any CPU
		{2BCFD574-38F5-46F6-8ADC-813E025FB936}.Debug|iPhoneSimulator.Build.0 = Debug|Any CPU
		{2BCFD574-38F5-46F6-8ADC-813E025FB936}.Release|iPhone.ActiveCfg = Release|Any CPU
		{2BCFD574-38F5-46F6-8ADC-813E025FB936}.Release|iPhone.Build.0 = Release|Any CPU
		{2BCFD574-38F5-46F6-8ADC-813E025FB936}.Release|iPhoneSimulator.ActiveCfg = Release|Any CPU
		{2BCFD574-38F5-46F6-8ADC-813E025FB936}.Release|iPhoneSimulator.Build.0 = Release|Any CPU
		{2BCFD574-38F5-46F6-8ADC-813E025FB936}.Debug|iPhone.ActiveCfg = Debug|Any CPU
		{2BCFD574-38F5-46F6-8ADC-813E025FB936}.Debug|iPhone.Build.0 = Debug|Any CPU
		{3F74EC87-DAFE-4D2B-A21F-2C553A1E2762}.Debug|Any CPU.ActiveCfg = Debug|iPhoneSimulator
		{3F74EC87-DAFE-4D2B-A21F-2C553A1E2762}.Debug|Any CPU.Build.0 = Debug|iPhoneSimulator
		{3F74EC87-DAFE-4D2B-A21F-2C553A1E2762}.Release|Any CPU.ActiveCfg = Release|iPhone
		{3F74EC87-DAFE-4D2B-A21F-2C553A1E2762}.Release|Any CPU.Build.0 = Release|iPhone
		{3F74EC87-DAFE-4D2B-A21F-2C553A1E2762}.Debug|iPhoneSimulator.ActiveCfg = Debug|iPhoneSimulator
		{3F74EC87-DAFE-4D2B-A21F-2C553A1E2762}.Debug|iPhoneSimulator.Build.0 = Debug|iPhoneSimulator
		{3F74EC87-DAFE-4D2B-A21F-2C553A1E2762}.Release|iPhone.ActiveCfg = Release|iPhone
		{3F74EC87-DAFE-4D2B-A21F-2C553A1E2762}.Release|iPhone.Build.0 = Release|iPhone
		{3F74EC87-DAFE-4D2B-A21F-2C553A1E2762}.Release|iPhoneSimulator.ActiveCfg = Release|iPhoneSimulator
		{3F74EC87-DAFE-4D2B-A21F-2C553A1E2762}.Release|iPhoneSimulator.Build.0 = Release|iPhoneSimulator
		{3F74EC87-DAFE-4D2B-A21F-2C553A1E2762}.Debug|iPhone.ActiveCfg = Debug|iPhone
		{3F74EC87-DAFE-4D2B-A21F-2C553A1E2762}.Debug|iPhone.Build.0 = Debug|iPhone
		{74674D75-2897-47D3-94D2-3F3B7E6CE3D0}.Debug|Any CPU.ActiveCfg = Debug|Any CPU
		{74674D75-2897-47D3-94D2-3F3B7E6CE3D0}.Debug|Any CPU.Build.0 = Debug|Any CPU
		{74674D75-2897-47D3-94D2-3F3B7E6CE3D0}.Release|Any CPU.ActiveCfg = Release|Any CPU
		{74674D75-2897-47D3-94D2-3F3B7E6CE3D0}.Release|Any CPU.Build.0 = Release|Any CPU
		{74674D75-2897-47D3-94D2-3F3B7E6CE3D0}.Debug|iPhoneSimulator.ActiveCfg = Debug|Any CPU
		{74674D75-2897-47D3-94D2-3F3B7E6CE3D0}.Debug|iPhoneSimulator.Build.0 = Debug|Any CPU
		{74674D75-2897-47D3-94D2-3F3B7E6CE3D0}.Release|iPhone.ActiveCfg = Release|Any CPU
		{74674D75-2897-47D3-94D2-3F3B7E6CE3D0}.Release|iPhone.Build.0 = Release|Any CPU
		{74674D75-2897-47D3-94D2-3F3B7E6CE3D0}.Release|iPhoneSimulator.ActiveCfg = Release|Any CPU
		{74674D75-2897-47D3-94D2-3F3B7E6CE3D0}.Release|iPhoneSimulator.Build.0 = Release|Any CPU
		{74674D75-2897-47D3-94D2-3F3B7E6CE3D0}.Debug|iPhone.ActiveCfg = Debug|Any CPU
		{74674D75-2897-47D3-94D2-3F3B7E6CE3D0}.Debug|iPhone.Build.0 = Debug|Any CPU
	EndGlobalSection
EndGlobal
